# THIS IS AN AUTOGENERATED FILE. DO NOT EDIT THIS FILE DIRECTLY.
# yarn lockfile v1


"@babel/runtime@^7.12.1", "@babel/runtime@^7.9.2":
  "integrity" "sha512-mrzLkl6U9YLF8qpqI7TB82PESyEGjm/0Ly91jG575eVxMMlb8fYfOXFZIJ8XfLrJZQbm7dlKry2bJmXBUEkdFg=="
  "resolved" "https://registry.npmjs.org/@babel/runtime/-/runtime-7.20.1.tgz"
  "version" "7.20.1"
  dependencies:
    "regenerator-runtime" "^0.13.10"

"@next/env@13.0.5":
  "integrity" "sha512-F3KLtiDrUslAZhTYTh8Zk5ZaavbYwLUn3NYPBnOjAXU8hWm0QVGVzKIOuURQ098ofRU4e9oglf3Sj9pFx5nI5w=="
  "resolved" "https://registry.npmjs.org/@next/env/-/env-13.0.5.tgz"
  "version" "13.0.5"

"@next/swc-linux-x64-gnu@13.0.5":
  "integrity" "sha512-9Ahi1bbdXwhrWQmOyoTod23/hhK05da/FzodiNqd6drrMl1y7+RujoEcU8Dtw3H1mGWB+yuTlWo8B4Iba8hqiQ=="
  "resolved" "https://registry.npmjs.org/@next/swc-linux-x64-gnu/-/swc-linux-x64-gnu-13.0.5.tgz"
  "version" "13.0.5"

"@next/swc-linux-x64-musl@13.0.5":
  "integrity" "sha512-V+1mnh49qmS9fOZxVRbzjhBEz9IUGJ7AQ80JPWAYQM5LI4TxfdiF4APLPvJ52rOmNeTqnVz1bbKtVOso+7EZ4w=="
  "resolved" "https://registry.npmjs.org/@next/swc-linux-x64-musl/-/swc-linux-x64-musl-13.0.5.tgz"
  "version" "13.0.5"

"@reduxjs/toolkit@^1.9.0":
  "integrity" "sha512-ak11IrjYcUXRqlhNPwnz6AcvA2ynJTu8PzDbbqQw4a3xR4KZtgiqbNblQD+10CRbfK4+5C79SOyxnT9dhBqFnA=="
  "resolved" "https://registry.npmjs.org/@reduxjs/toolkit/-/toolkit-1.9.0.tgz"
  "version" "1.9.0"
  dependencies:
    "immer" "^9.0.16"
    "redux" "^4.2.0"
    "redux-thunk" "^2.4.2"
    "reselect" "^4.1.7"

"@swc/helpers@0.4.14":
  "integrity" "sha512-4C7nX/dvpzB7za4Ql9K81xK3HPxCpHMgwTZVyf+9JQ6VUbn9jjZVN7/Nkdz/Ugzs2CSjqnL/UPXroiVBVHUWUw=="
  "resolved" "https://registry.npmjs.org/@swc/helpers/-/helpers-0.4.14.tgz"
  "version" "0.4.14"
  dependencies:
    "tslib" "^2.4.0"

"@types/hoist-non-react-statics@^3.3.1":
  "integrity" "sha512-iMIqiko6ooLrTh1joXodJK5X9xeEALT1kM5G3ZLhD3hszxBdIEd5C75U834D9mLcINgD4OyZf5uQXjkuYydWvA=="
  "resolved" "https://registry.npmjs.org/@types/hoist-non-react-statics/-/hoist-non-react-statics-3.3.1.tgz"
  "version" "3.3.1"
  dependencies:
    "@types/react" "*"
    "hoist-non-react-statics" "^3.3.0"

"@types/minimatch@^3.0.3":
  "integrity" "sha512-Klz949h02Gz2uZCMGwDUSDS1YBlTdDDgbWHi+81l29tQALUtvz4rAYi5uoVhE5Lagoq6DeqAUlbrHvW/mXDgdQ=="
  "resolved" "https://registry.npmjs.org/@types/minimatch/-/minimatch-3.0.5.tgz"
  "version" "3.0.5"

"@types/node@18.11.9":
  "integrity" "sha512-CRpX21/kGdzjOpFsZSkcrXMGIBWMGNIHXXBVFSH+ggkftxg+XYP20TESbh+zFvFj3EQOl5byk0HTRn1IL6hbqg=="
  "resolved" "https://registry.npmjs.org/@types/node/-/node-18.11.9.tgz"
  "version" "18.11.9"

"@types/prop-types@*":
  "integrity" "sha512-JCB8C6SnDoQf0cNycqd/35A7MjcnK+ZTqE7judS6o7utxUCg6imJg3QK2qzHKszlTjcj2cn+NwMB2i96ubpj7w=="
  "resolved" "https://registry.npmjs.org/@types/prop-types/-/prop-types-15.7.5.tgz"
  "version" "15.7.5"

"@types/react-dom@^16.8 || ^17.0 || ^18.0", "@types/react-dom@18.0.9":
  "integrity" "sha512-qnVvHxASt/H7i+XG1U1xMiY5t+IHcPGUK7TDMDzom08xa7e86eCeKOiLZezwCKVxJn6NEiiy2ekgX8aQssjIKg=="
  "resolved" "https://registry.npmjs.org/@types/react-dom/-/react-dom-18.0.9.tgz"
  "version" "18.0.9"
  dependencies:
    "@types/react" "*"

"@types/react@*", "@types/react@^16.8 || ^17.0 || ^18.0", "@types/react@18.0.25":
  "integrity" "sha512-xD6c0KDT4m7n9uD4ZHi02lzskaiqcBxf4zi+tXZY98a04wvc0hi/TcCPC2FOESZi51Nd7tlUeOJY8RofL799/g=="
  "resolved" "https://registry.npmjs.org/@types/react/-/react-18.0.25.tgz"
  "version" "18.0.25"
  dependencies:
    "@types/prop-types" "*"
    "@types/scheduler" "*"
    "csstype" "^3.0.2"

"@types/scheduler@*":
  "integrity" "sha512-hppQEBDmlwhFAXKJX2KnWLYu5yMfi91yazPb2l+lbJiwW+wdo1gNeRA+3RgNSO39WYX2euey41KEwnqesU2Jew=="
  "resolved" "https://registry.npmjs.org/@types/scheduler/-/scheduler-0.16.2.tgz"
  "version" "0.16.2"

"@types/use-sync-external-store@^0.0.3":
  "integrity" "sha512-EwmlvuaxPNej9+T4v5AuBPJa2x2UOJVdjCtDHgcDqitUeOtjnJKJ+apYjVcAoBEMjKW1VVFGZLUb5+qqa09XFA=="
  "resolved" "https://registry.npmjs.org/@types/use-sync-external-store/-/use-sync-external-store-0.0.3.tgz"
  "version" "0.0.3"

"ansi-styles@^4.1.0":
  "integrity" "sha512-zbB9rCJAT1rbjiVDb2hqKFHNYLxgtk8NURxZ3IZwD3F6NtxbXZQCnnSi1Lkx+IDohdPlFp222wVALIheZJQSEg=="
  "resolved" "https://registry.npmjs.org/ansi-styles/-/ansi-styles-4.3.0.tgz"
  "version" "4.3.0"
  dependencies:
    "color-convert" "^2.0.1"

"anymatch@~3.1.2":
  "integrity" "sha512-KMReFUr0B4t+D+OBkjR3KYqvocp2XaSzO55UcB6mgQMd3KbcE+mWTyvVV7D/zsdEbNnV6acZUutkiHQXvTr1Rw=="
  "resolved" "https://registry.npmjs.org/anymatch/-/anymatch-3.1.3.tgz"
  "version" "3.1.3"
  dependencies:
    "normalize-path" "^3.0.0"
    "picomatch" "^2.0.4"

"array-differ@^3.0.0":
  "integrity" "sha512-THtfYS6KtME/yIAhKjZ2ul7XI96lQGHRputJQHO80LAWQnuGP4iCIN8vdMRboGbIEYBwU33q8Tch1os2+X0kMg=="
  "resolved" "https://registry.npmjs.org/array-differ/-/array-differ-3.0.0.tgz"
  "version" "3.0.0"

"array-union@^2.1.0":
  "integrity" "sha512-HGyxoOTYUyCM6stUe6EJgnd4EoewAI7zMdfqO+kGjnlZmBDz/cR5pf8r/cR4Wq60sL/p0IkcjUEEPwS3GFrIyw=="
  "resolved" "https://registry.npmjs.org/array-union/-/array-union-2.1.0.tgz"
  "version" "2.1.0"

"arrify@^2.0.1":
  "integrity" "sha512-3duEwti880xqi4eAMN8AyR4a0ByT90zoYdLlevfrvU43vb0YZwZVfxOgxWrLXXXpyugL0hNZc9G6BiB5B3nUug=="
  "resolved" "https://registry.npmjs.org/arrify/-/arrify-2.0.1.tgz"
  "version" "2.0.1"

"asynckit@^0.4.0":
  "integrity" "sha512-Oei9OH4tRh0YqU3GxhX79dM/mwVgvbZJaSNaRk+bshkj0S5cfHcgYakreBjrHwatXKbz+IoIdYLxrKim2MjW0Q=="
  "resolved" "https://registry.npmjs.org/asynckit/-/asynckit-0.4.0.tgz"
  "version" "0.4.0"

"axios@^1.2.0":
  "integrity" "sha512-zT7wZyNYu3N5Bu0wuZ6QccIf93Qk1eV8LOewxgjOZFd2DenOs98cJ7+Y6703d0wkaXGY6/nZd4EweJaHz9uzQw=="
  "resolved" "https://registry.npmjs.org/axios/-/axios-1.2.0.tgz"
  "version" "1.2.0"
  dependencies:
    "follow-redirects" "^1.15.0"
    "form-data" "^4.0.0"
    "proxy-from-env" "^1.1.0"

"balanced-match@^1.0.0":
  "integrity" "sha512-3oSeUO0TMV67hN1AmbXsK4yaqU7tjiHlbxRDZOpH0KW9+CeX4bRAaX0Anxt0tx2MrpRpWwQaPwIlISEJhYU5Pw=="
  "resolved" "https://registry.npmjs.org/balanced-match/-/balanced-match-1.0.2.tgz"
  "version" "1.0.2"

"binary-extensions@^2.0.0":
  "integrity" "sha512-jDctJ/IVQbZoJykoeHbhXpOlNBqGNcwXJKJog42E5HDPUwQTSdjCHdihjj0DlnheQ7blbT6dHOafNAiS8ooQKA=="
  "resolved" "https://registry.npmjs.org/binary-extensions/-/binary-extensions-2.2.0.tgz"
  "version" "2.2.0"

"brace-expansion@^1.1.7":
  "integrity" "sha512-iCuPHDFgrHX7H2vEI/5xpz07zSHB00TpugqhmYtVmMO6518mCuRMoOYFldEBl0g187ufozdaHgWKcYFb61qGiA=="
  "resolved" "https://registry.npmjs.org/brace-expansion/-/brace-expansion-1.1.11.tgz"
  "version" "1.1.11"
  dependencies:
    "balanced-match" "^1.0.0"
    "concat-map" "0.0.1"

"braces@~3.0.2":
  "integrity" "sha512-b8um+L1RzM3WDSzvhm6gIz1yfTbBt6YTlcEKAvsmqCZZFw46z626lVj9j1yEPW33H5H+lBQpZMP1k8l+78Ha0A=="
  "resolved" "https://registry.npmjs.org/braces/-/braces-3.0.2.tgz"
  "version" "3.0.2"
  dependencies:
    "fill-range" "^7.0.1"

"caniuse-lite@^1.0.30001406":
  "integrity" "sha512-aOBHrLmTQw//WFa2rcF1If9fa3ypkC1wzqqiKHgfdrXTWcU8C4gKVZT77eQAPWN1APys3+uQ0Df07rKauXGEYA=="
  "resolved" "https://registry.npmjs.org/caniuse-lite/-/caniuse-lite-1.0.30001434.tgz"
  "version" "1.0.30001434"

"chalk@^3.0.0":
  "integrity" "sha512-4D3B6Wf41KOYRFdszmDqMCGq5VV/uMAB273JILmO+3jAlh8X4qDtdtgCR3fxtbLEMzSx22QdhnDcJvu2u1fVwg=="
  "resolved" "https://registry.npmjs.org/chalk/-/chalk-3.0.0.tgz"
  "version" "3.0.0"
  dependencies:
    "ansi-styles" "^4.1.0"
    "supports-color" "^7.1.0"

"chokidar@>=3.0.0 <4.0.0":
  "integrity" "sha512-Dr3sfKRP6oTcjf2JmUmFJfeVMvXBdegxB0iVQ5eb2V10uFJUCAS8OByZdVAyVb8xXNz3GjjTgj9kLWsZTqE6kw=="
  "resolved" "https://registry.npmjs.org/chokidar/-/chokidar-3.5.3.tgz"
  "version" "3.5.3"
  dependencies:
    "anymatch" "~3.1.2"
    "braces" "~3.0.2"
    "glob-parent" "~5.1.2"
    "is-binary-path" "~2.1.0"
    "is-glob" "~4.0.1"
    "normalize-path" "~3.0.0"
    "readdirp" "~3.6.0"
  optionalDependencies:
    "fsevents" "~2.3.2"

"client-only@0.0.1":
  "integrity" "sha512-IV3Ou0jSMzZrd3pZ48nLkT9DA7Ag1pnPzaiQhpW7c3RbcqqzvzzVu+L8gfqMp/8IM2MQtSiqaCxrrcfu8I8rMA=="
  "resolved" "https://registry.npmjs.org/client-only/-/client-only-0.0.1.tgz"
  "version" "0.0.1"

"color-convert@^2.0.1":
  "integrity" "sha512-RRECPsj7iu/xb5oKYcsFHSppFNnsj/52OVTRKb4zP5onXwVF3zVmmToNcOfGC+CRDpfK/U584fMg38ZHCaElKQ=="
  "resolved" "https://registry.npmjs.org/color-convert/-/color-convert-2.0.1.tgz"
  "version" "2.0.1"
  dependencies:
    "color-name" "~1.1.4"

"color-name@~1.1.4":
  "integrity" "sha512-dOy+3AuW3a2wNbZHIuMZpTcgjGuLU/uBL/ubcZF9OXbDo8ff4O8yVp5Bf0efS8uEoYo5q4Fx7dY9OgQGXgAsQA=="
  "resolved" "https://registry.npmjs.org/color-name/-/color-name-1.1.4.tgz"
  "version" "1.1.4"

"combined-stream@^1.0.8":
  "integrity" "sha512-FQN4MRfuJeHf7cBbBMJFXhKSDq+2kAArBlmRBvcvFE5BB1HZKXtSFASDhdlz9zOYwxh8lDdnvmMOe/+5cdoEdg=="
  "resolved" "https://registry.npmjs.org/combined-stream/-/combined-stream-1.0.8.tgz"
  "version" "1.0.8"
  dependencies:
    "delayed-stream" "~1.0.0"

"concat-map@0.0.1":
  "integrity" "sha512-/Srv4dswyQNBfohGpz9o6Yb3Gz3SrUDqBH5rTuhGR7ahtlbYKnVxw2bCFMRljaA7EXHaXZ8wsHdodFvbkhKmqg=="
  "resolved" "https://registry.npmjs.org/concat-map/-/concat-map-0.0.1.tgz"
  "version" "0.0.1"

"cross-spawn@^7.0.0":
  "integrity" "sha512-iRDPJKUPVEND7dHPO8rkbOnPpyDygcDFtWjpeWNCgy8WP2rXcxXL8TskReQl6OrB2G7+UJrags1q15Fudc7G6w=="
  "resolved" "https://registry.npmjs.org/cross-spawn/-/cross-spawn-7.0.3.tgz"
  "version" "7.0.3"
  dependencies:
    "path-key" "^3.1.0"
    "shebang-command" "^2.0.0"
    "which" "^2.0.1"

"csstype@^3.0.2":
  "integrity" "sha512-DJR/VvkAvSZW9bTouZue2sSxDwdTN92uHjqeKVm+0dAqdfNykRzQ95tay8aXMBAAPpUiq4Qcug2L7neoRh2Egw=="
  "resolved" "https://registry.npmjs.org/csstype/-/csstype-3.1.1.tgz"
  "version" "3.1.1"

"delayed-stream@~1.0.0":
  "integrity" "sha512-ZySD7Nf91aLB0RxL4KGrKHBXl7Eds1DAmEdcoVawXnLD7SDhpNgtuII2aAkg7a7QS41jxPSZ17p4VdGnMHk3MQ=="
  "resolved" "https://registry.npmjs.org/delayed-stream/-/delayed-stream-1.0.0.tgz"
  "version" "1.0.0"

"end-of-stream@^1.1.0":
  "integrity" "sha512-+uw1inIHVPQoaVuHzRyXd21icM+cnt4CzD5rW+NC1wjOUSTOs+Te7FOv7AhN7vS9x/oIyhLP5PR1H+phQAHu5Q=="
  "resolved" "https://registry.npmjs.org/end-of-stream/-/end-of-stream-1.4.4.tgz"
  "version" "1.4.4"
  dependencies:
    "once" "^1.4.0"

"execa@^4.0.0":
  "integrity" "sha512-j5W0//W7f8UxAn8hXVnwG8tLwdiUy4FJLcSupCg6maBYZDpyBvTApK7KyuI4bKj8KOh1r2YH+6ucuYtJv1bTZA=="
  "resolved" "https://registry.npmjs.org/execa/-/execa-4.1.0.tgz"
  "version" "4.1.0"
  dependencies:
    "cross-spawn" "^7.0.0"
    "get-stream" "^5.0.0"
    "human-signals" "^1.1.1"
    "is-stream" "^2.0.0"
    "merge-stream" "^2.0.0"
    "npm-run-path" "^4.0.0"
    "onetime" "^5.1.0"
    "signal-exit" "^3.0.2"
    "strip-final-newline" "^2.0.0"

"fill-range@^7.0.1":
  "integrity" "sha512-qOo9F+dMUmC2Lcb4BbVvnKJxTPjCm+RRpe4gDuGrzkL7mEVl/djYSu2OdQ2Pa302N4oqkSg9ir6jaLWJ2USVpQ=="
  "resolved" "https://registry.npmjs.org/fill-range/-/fill-range-7.0.1.tgz"
  "version" "7.0.1"
  dependencies:
    "to-regex-range" "^5.0.1"

"find-up@^4.1.0":
  "integrity" "sha512-PpOwAdQ/YlXQ2vj8a3h8IipDuYRi3wceVQQGYWxNINccq40Anw7BlsEXCMbt1Zt+OLA6Fq9suIpIWD0OsnISlw=="
  "resolved" "https://registry.npmjs.org/find-up/-/find-up-4.1.0.tgz"
  "version" "4.1.0"
  dependencies:
    "locate-path" "^5.0.0"
    "path-exists" "^4.0.0"

"follow-redirects@^1.15.0":
  "integrity" "sha512-VQLG33o04KaQ8uYi2tVNbdrWp1QWxNNea+nmIB4EVM28v0hmP17z7aG1+wAkNzVq4KeXTq3221ye5qTJP91JwA=="
  "resolved" "https://registry.npmjs.org/follow-redirects/-/follow-redirects-1.15.2.tgz"
  "version" "1.15.2"

"form-data@^4.0.0":
  "integrity" "sha512-ETEklSGi5t0QMZuiXoA/Q6vcnxcLQP5vdugSpuAyi6SVGi2clPPp+xgEhuMaHC+zGgn31Kd235W35f7Hykkaww=="
  "resolved" "https://registry.npmjs.org/form-data/-/form-data-4.0.0.tgz"
  "version" "4.0.0"
  dependencies:
    "asynckit" "^0.4.0"
    "combined-stream" "^1.0.8"
    "mime-types" "^2.1.12"

"get-stream@^5.0.0":
  "integrity" "sha512-nBF+F1rAZVCu/p7rjzgA+Yb4lfYXrpl7a6VmJrU8wF9I1CKvP/QwPNZHnOlwbTkY6dvtFIzFMSyQXbLoTQPRpA=="
  "resolved" "https://registry.npmjs.org/get-stream/-/get-stream-5.2.0.tgz"
  "version" "5.2.0"
  dependencies:
    "pump" "^3.0.0"

"glob-parent@~5.1.2":
  "integrity" "sha512-AOIgSQCepiJYwP3ARnGx+5VnTu2HBYdzbGP45eLw1vr3zB3vZLeyed1sC9hnbcOc9/SrMyM5RPQrkGz4aS9Zow=="
  "resolved" "https://registry.npmjs.org/glob-parent/-/glob-parent-5.1.2.tgz"
  "version" "5.1.2"
  dependencies:
    "is-glob" "^4.0.1"

"has-flag@^4.0.0":
  "integrity" "sha512-EykJT/Q1KjTWctppgIAgfSO0tKVuZUjhgMr17kqTumMl6Afv3EISleU7qZUzoXDFTAHTDC4NOoG/ZxU3EvlMPQ=="
  "resolved" "https://registry.npmjs.org/has-flag/-/has-flag-4.0.0.tgz"
  "version" "4.0.0"

"hoist-non-react-statics@^3.3.0", "hoist-non-react-statics@^3.3.2":
  "integrity" "sha512-/gGivxi8JPKWNm/W0jSmzcMPpfpPLc3dY/6GxhX2hQ9iGj3aDfklV4ET7NjKpSinLpJ5vafa9iiGIEZg10SfBw=="
  "resolved" "https://registry.npmjs.org/hoist-non-react-statics/-/hoist-non-react-statics-3.3.2.tgz"
  "version" "3.3.2"
  dependencies:
    "react-is" "^16.7.0"

"human-signals@^1.1.1":
  "integrity" "sha512-SEQu7vl8KjNL2eoGBLF3+wAjpsNfA9XMlXAYj/3EdaNfAlxKthD1xjEQfGOUhllCGGJVNY34bRr6lPINhNjyZw=="
  "resolved" "https://registry.npmjs.org/human-signals/-/human-signals-1.1.1.tgz"
  "version" "1.1.1"

"ignore@^5.1.4":
  "integrity" "sha512-CmxgYGiEPCLhfLnpPp1MoRmifwEIOgjcHXxOBjv7mY96c+eWScsOP9c112ZyLdWHi0FxHjI+4uVhKYp/gcdRmQ=="
  "resolved" "https://registry.npmjs.org/ignore/-/ignore-5.2.0.tgz"
  "version" "5.2.0"

"immer@^9.0.16":
  "integrity" "sha512-qenGE7CstVm1NrHQbMh8YaSzTZTFNP3zPqr3YU0S0UY441j4bJTg4A2Hh5KAhwgaiU6ZZ1Ar6y/2f4TblnMReQ=="
  "resolved" "https://registry.npmjs.org/immer/-/immer-9.0.16.tgz"
  "version" "9.0.16"

"immutable@^4.0.0":
  "integrity" "sha512-oNkuqVTA8jqG1Q6c+UglTOD1xhC1BtjKI7XkCXRkZHrN5m18/XsnUp8Q89GkQO/z+0WjonSvl0FLhDYftp46nQ=="
  "resolved" "https://registry.npmjs.org/immutable/-/immutable-4.1.0.tgz"
  "version" "4.1.0"

"is-binary-path@~2.1.0":
  "integrity" "sha512-ZMERYes6pDydyuGidse7OsHxtbI7WVeUEozgR/g7rd0xUimYNlvZRE/K2MgZTjWy725IfelLeVcEM97mmtRGXw=="
  "resolved" "https://registry.npmjs.org/is-binary-path/-/is-binary-path-2.1.0.tgz"
  "version" "2.1.0"
  dependencies:
    "binary-extensions" "^2.0.0"

"is-extglob@^2.1.1":
  "integrity" "sha512-SbKbANkN603Vi4jEZv49LeVJMn4yGwsbzZworEoyEiutsN3nJYdbO36zfhGJ6QEDpOZIFkDtnq5JRxmvl3jsoQ=="
  "resolved" "https://registry.npmjs.org/is-extglob/-/is-extglob-2.1.1.tgz"
  "version" "2.1.1"

"is-glob@^4.0.1", "is-glob@~4.0.1":
  "integrity" "sha512-xelSayHH36ZgE7ZWhli7pW34hNbNl8Ojv5KVmkJD4hBdD3th8Tfk9vYasLM+mXWOZhFkgZfxhLSnrwRr4elSSg=="
  "resolved" "https://registry.npmjs.org/is-glob/-/is-glob-4.0.3.tgz"
  "version" "4.0.3"
  dependencies:
    "is-extglob" "^2.1.1"

"is-number@^7.0.0":
  "integrity" "sha512-41Cifkg6e8TylSpdtTpeLVMqvSBEVzTttHvERD741+pnZ8ANv0004MRL43QKPDlK9cGvNp6NZWZUBlbGXYxxng=="
  "resolved" "https://registry.npmjs.org/is-number/-/is-number-7.0.0.tgz"
  "version" "7.0.0"

"is-stream@^2.0.0":
  "integrity" "sha512-hFoiJiTl63nn+kstHGBtewWSKnQLpyb155KHheA1l39uvtO9nWIop1p3udqPcUd/xbF1VLMO4n7OI6p7RbngDg=="
  "resolved" "https://registry.npmjs.org/is-stream/-/is-stream-2.0.1.tgz"
  "version" "2.0.1"

"isexe@^2.0.0":
  "integrity" "sha512-RHxMLp9lnKHGHRng9QFhRCMbYAcVpn69smSGcq3f36xjgVVWThj4qqLbTLlq7Ssj8B+fIQ1EuCEGI2lKsyQeIw=="
  "resolved" "https://registry.npmjs.org/isexe/-/isexe-2.0.0.tgz"
  "version" "2.0.0"

"js-tokens@^3.0.0 || ^4.0.0":
  "integrity" "sha512-RdJUflcE3cUzKiMqQgsCu06FPu9UdIJO0beYbPhHN4k6apgJtifcoCtT9bcxOpYBtpD2kCM6Sbzg4CausW/PKQ=="
  "resolved" "https://registry.npmjs.org/js-tokens/-/js-tokens-4.0.0.tgz"
  "version" "4.0.0"

"locate-path@^5.0.0":
  "integrity" "sha512-t7hw9pI+WvuwNJXwk5zVHpyhIqzg2qTlklJOf0mVxGSbe3Fp2VieZcduNYjaLDoy6p9uGpQEGWG87WpMKlNq8g=="
  "resolved" "https://registry.npmjs.org/locate-path/-/locate-path-5.0.0.tgz"
  "version" "5.0.0"
  dependencies:
    "p-locate" "^4.1.0"

"loose-envify@^1.1.0":
  "integrity" "sha512-lyuxPGr/Wfhrlem2CL/UcnUc1zcqKAImBDzukY7Y5F/yQiNdko6+fRLevlw1HgMySw7f611UIY408EtxRSoK3Q=="
  "resolved" "https://registry.npmjs.org/loose-envify/-/loose-envify-1.4.0.tgz"
  "version" "1.4.0"
  dependencies:
    "js-tokens" "^3.0.0 || ^4.0.0"

"merge-stream@^2.0.0":
  "integrity" "sha512-abv/qOcuPfk3URPfDzmZU1LKmuw8kT+0nIHvKrKgFrwifol/doWcdA4ZqsWQ8ENrFKkd67Mfpo/LovbIUsbt3w=="
  "resolved" "https://registry.npmjs.org/merge-stream/-/merge-stream-2.0.0.tgz"
  "version" "2.0.0"

"mime-db@1.52.0":
  "integrity" "sha512-sPU4uV7dYlvtWJxwwxHD0PuihVNiE7TyAbQ5SWxDCB9mUYvOgroQOwYQQOKPJ8CIbE+1ETVlOoK1UC2nU3gYvg=="
  "resolved" "https://registry.npmjs.org/mime-db/-/mime-db-1.52.0.tgz"
  "version" "1.52.0"

"mime-types@^2.1.12":
  "integrity" "sha512-ZDY+bPm5zTTF+YpCrAU9nK0UgICYPT0QtT1NZWFv4s++TNkcgVaT0g6+4R2uI4MjQjzysHB1zxuWL50hzaeXiw=="
  "resolved" "https://registry.npmjs.org/mime-types/-/mime-types-2.1.35.tgz"
  "version" "2.1.35"
  dependencies:
    "mime-db" "1.52.0"

"mimic-fn@^2.1.0":
  "integrity" "sha512-OqbOk5oEQeAZ8WXWydlu9HJjz9WVdEIvamMCcXmuqUYjTknH/sqsWvhQ3vgwKFRR1HpjvNBKQ37nbJgYzGqGcg=="
  "resolved" "https://registry.npmjs.org/mimic-fn/-/mimic-fn-2.1.0.tgz"
  "version" "2.1.0"

"minimatch@^3.0.4":
  "integrity" "sha512-J7p63hRiAjw1NDEww1W7i37+ByIrOWO5XQQAzZ3VOcL0PNybwpfmV/N05zFAzwQ9USyEcX6t3UO+K5aqBQOIHw=="
  "resolved" "https://registry.npmjs.org/minimatch/-/minimatch-3.1.2.tgz"
  "version" "3.1.2"
  dependencies:
    "brace-expansion" "^1.1.7"

"mri@^1.1.5":
  "integrity" "sha512-tzzskb3bG8LvYGFF/mDTpq3jpI6Q9wc3LEmBaghu+DdCssd1FakN7Bc0hVNmEyGq1bq3RgfkCb3cmQLpNPOroA=="
  "resolved" "https://registry.npmjs.org/mri/-/mri-1.2.0.tgz"
  "version" "1.2.0"

"multimatch@^4.0.0":
  "integrity" "sha512-lDmx79y1z6i7RNx0ZGCPq1bzJ6ZoDDKbvh7jxr9SJcWLkShMzXrHbYVpTdnhNM5MXpDUxCQ4DgqVttVXlBgiBQ=="
  "resolved" "https://registry.npmjs.org/multimatch/-/multimatch-4.0.0.tgz"
  "version" "4.0.0"
  dependencies:
    "@types/minimatch" "^3.0.3"
    "array-differ" "^3.0.0"
    "array-union" "^2.1.0"
    "arrify" "^2.0.1"
    "minimatch" "^3.0.4"

"nanoid@^3.3.4":
  "integrity" "sha512-MqBkQh/OHTS2egovRtLk45wEyNXwF+cokD+1YPf9u5VfJiRdAiRwB2froX5Co9Rh20xs4siNPm8naNotSD6RBw=="
  "resolved" "https://registry.npmjs.org/nanoid/-/nanoid-3.3.4.tgz"
  "version" "3.3.4"

"next@13.0.5":
  "integrity" "sha512-awpc3DkphyKydwCotcBnuKwh6hMqkT5xdiBK4OatJtOZurDPBYLP62jtM2be/4OunpmwIbsS0Eyv+ZGU97ciEg=="
  "resolved" "https://registry.npmjs.org/next/-/next-13.0.5.tgz"
  "version" "13.0.5"
  dependencies:
    "@next/env" "13.0.5"
    "@swc/helpers" "0.4.14"
    "caniuse-lite" "^1.0.30001406"
    "postcss" "8.4.14"
    "styled-jsx" "5.1.0"
  optionalDependencies:
    "@next/swc-android-arm-eabi" "13.0.5"
    "@next/swc-android-arm64" "13.0.5"
    "@next/swc-darwin-arm64" "13.0.5"
    "@next/swc-darwin-x64" "13.0.5"
    "@next/swc-freebsd-x64" "13.0.5"
    "@next/swc-linux-arm-gnueabihf" "13.0.5"
    "@next/swc-linux-arm64-gnu" "13.0.5"
    "@next/swc-linux-arm64-musl" "13.0.5"
    "@next/swc-linux-x64-gnu" "13.0.5"
    "@next/swc-linux-x64-musl" "13.0.5"
    "@next/swc-win32-arm64-msvc" "13.0.5"
    "@next/swc-win32-ia32-msvc" "13.0.5"
    "@next/swc-win32-x64-msvc" "13.0.5"

"normalize-path@^3.0.0", "normalize-path@~3.0.0":
  "integrity" "sha512-6eZs5Ls3WtCisHWp9S2GUy8dqkpGi4BVSz3GaqiE6ezub0512ESztXUwUB6C6IKbQkY2Pnb/mD4WYojCRwcwLA=="
  "resolved" "https://registry.npmjs.org/normalize-path/-/normalize-path-3.0.0.tgz"
  "version" "3.0.0"

"npm-run-path@^4.0.0":
  "integrity" "sha512-S48WzZW777zhNIrn7gxOlISNAqi9ZC/uQFnRdbeIHhZhCA6UqpkOT8T1G7BvfdgP4Er8gF4sUbaS0i7QvIfCWw=="
  "resolved" "https://registry.npmjs.org/npm-run-path/-/npm-run-path-4.0.1.tgz"
  "version" "4.0.1"
  dependencies:
    "path-key" "^3.0.0"

"once@^1.3.1", "once@^1.4.0":
  "integrity" "sha512-lNaJgI+2Q5URQBkccEKHTQOPaXdUxnZZElQTZY0MFUAuaEqe1E+Nyvgdz/aIyNi6Z9MzO5dv1H8n58/GELp3+w=="
  "resolved" "https://registry.npmjs.org/once/-/once-1.4.0.tgz"
  "version" "1.4.0"
  dependencies:
    "wrappy" "1"

"onetime@^5.1.0":
  "integrity" "sha512-kbpaSSGJTWdAY5KPVeMOKXSrPtr8C8C7wodJbcsd51jRnmD+GZu8Y0VoU6Dm5Z4vWr0Ig/1NKuWRKf7j5aaYSg=="
  "resolved" "https://registry.npmjs.org/onetime/-/onetime-5.1.2.tgz"
  "version" "5.1.2"
  dependencies:
    "mimic-fn" "^2.1.0"

"p-limit@^2.2.0":
  "integrity" "sha512-//88mFWSJx8lxCzwdAABTJL2MyWB12+eIY7MDL2SqLmAkeKU9qxRvWuSyTjm3FUmpBEMuFfckAIqEaVGUDxb6w=="
  "resolved" "https://registry.npmjs.org/p-limit/-/p-limit-2.3.0.tgz"
  "version" "2.3.0"
  dependencies:
    "p-try" "^2.0.0"

"p-locate@^4.1.0":
  "integrity" "sha512-R79ZZ/0wAxKGu3oYMlz8jy/kbhsNrS7SKZ7PxEHBgJ5+F2mtFW2fK2cOtBh1cHYkQsbzFV7I+EoRKe6Yt0oK7A=="
  "resolved" "https://registry.npmjs.org/p-locate/-/p-locate-4.1.0.tgz"
  "version" "4.1.0"
  dependencies:
    "p-limit" "^2.2.0"

"p-try@^2.0.0":
  "integrity" "sha512-R4nPAVTAU0B9D35/Gk3uJf/7XYbQcyohSKdvAxIRSNghFl4e71hVoGnBNQz9cWaXxO2I10KTC+3jMdvvoKw6dQ=="
  "resolved" "https://registry.npmjs.org/p-try/-/p-try-2.2.0.tgz"
  "version" "2.2.0"

"path-exists@^4.0.0":
  "integrity" "sha512-ak9Qy5Q7jYb2Wwcey5Fpvg2KoAc/ZIhLSLOSBmRmygPsGwkVVt0fZa0qrtMz+m6tJTAHfZQ8FnmB4MG4LWy7/w=="
  "resolved" "https://registry.npmjs.org/path-exists/-/path-exists-4.0.0.tgz"
  "version" "4.0.0"

"path-key@^3.0.0", "path-key@^3.1.0":
  "integrity" "sha512-ojmeN0qd+y0jszEtoY48r0Peq5dwMEkIlCOu6Q5f41lfkswXuKtYrhgoTpLnyIcHm24Uhqx+5Tqm2InSwLhE6Q=="
  "resolved" "https://registry.npmjs.org/path-key/-/path-key-3.1.1.tgz"
  "version" "3.1.1"

"picocolors@^1.0.0":
  "integrity" "sha512-1fygroTLlHu66zi26VoTDv8yRgm0Fccecssto+MhsZ0D/DGW2sm8E8AjW7NU5VVTRt5GxbeZ5qBuJr+HyLYkjQ=="
  "resolved" "https://registry.npmjs.org/picocolors/-/picocolors-1.0.0.tgz"
  "version" "1.0.0"

"picomatch@^2.0.4", "picomatch@^2.2.1":
  "integrity" "sha512-JU3teHTNjmE2VCGFzuY8EXzCDVwEqB2a8fsIvwaStHhAWJEeVd1o1QD80CU6+ZdEXXSLbSsuLwJjkCBWqRQUVA=="
  "resolved" "https://registry.npmjs.org/picomatch/-/picomatch-2.3.1.tgz"
  "version" "2.3.1"

"postcss@8.4.14":
  "integrity" "sha512-E398TUmfAYFPBSdzgeieK2Y1+1cpdxJx8yXbK/m57nRhKSmk1GB2tO4lbLBtlkfPQTDKfe4Xqv1ASWPpayPEig=="
  "resolved" "https://registry.npmjs.org/postcss/-/postcss-8.4.14.tgz"
  "version" "8.4.14"
  dependencies:
    "nanoid" "^3.3.4"
    "picocolors" "^1.0.0"
    "source-map-js" "^1.0.2"

"prettier@^2.8.0", "prettier@>=2.0.0":
  "integrity" "sha512-9Lmg8hTFZKG0Asr/kW9Bp8tJjRVluO8EJQVfY2T7FMw9T5jy4I/Uvx0Rca/XWf50QQ1/SS48+6IJWnrb+2yemA=="
  "resolved" "https://registry.npmjs.org/prettier/-/prettier-2.8.0.tgz"
  "version" "2.8.0"

"pretty-quick@^3.1.3":
  "integrity" "sha512-kOCi2FJabvuh1as9enxYmrnBC6tVMoVOenMaBqRfsvBHB0cbpYHjdQEpSglpASDFEXVwplpcGR4CLEaisYAFcA=="
  "resolved" "https://registry.npmjs.org/pretty-quick/-/pretty-quick-3.1.3.tgz"
  "version" "3.1.3"
  dependencies:
    "chalk" "^3.0.0"
    "execa" "^4.0.0"
    "find-up" "^4.1.0"
    "ignore" "^5.1.4"
    "mri" "^1.1.5"
    "multimatch" "^4.0.0"

"proxy-from-env@^1.1.0":
  "integrity" "sha512-D+zkORCbA9f1tdWRK0RaCR3GPv50cMxcrz4X8k5LTSUD1Dkw47mKJEZQNunItRTkWwgtaUSo1RVFRIG9ZXiFYg=="
  "resolved" "https://registry.npmjs.org/proxy-from-env/-/proxy-from-env-1.1.0.tgz"
  "version" "1.1.0"

"pump@^3.0.0":
  "integrity" "sha512-LwZy+p3SFs1Pytd/jYct4wpv49HiYCqd9Rlc5ZVdk0V+8Yzv6jR5Blk3TRmPL1ft69TxP0IMZGJ+WPFU2BFhww=="
  "resolved" "https://registry.npmjs.org/pump/-/pump-3.0.0.tgz"
  "version" "3.0.0"
  dependencies:
    "end-of-stream" "^1.1.0"
    "once" "^1.3.1"

"react-dom@^16.8 || ^17.0 || ^18.0", "react-dom@^18.2.0", "react-dom@18.2.0":
  "integrity" "sha512-6IMTriUmvsjHUjNtEDudZfuDQUoWXVxKHhlEGSk81n4YFS+r/Kl99wXiwlVXtPBtJenozv2P+hxDsw9eA7Xo6g=="
  "resolved" "https://registry.npmjs.org/react-dom/-/react-dom-18.2.0.tgz"
  "version" "18.2.0"
  dependencies:
    "loose-envify" "^1.1.0"
    "scheduler" "^0.23.0"

"react-hook-form@^7.39.6":
  "integrity" "sha512-f6bghLpUm1nfUtuJ09Zsaz2AkuHAGghngYAsKFGarFpi/NQl6JcGQ/ETc34tvLtjVo6hSLYw+/4dgBt0X54Jvw=="
  "resolved" "https://registry.npmjs.org/react-hook-form/-/react-hook-form-7.39.6.tgz"
  "version" "7.39.6"

"react-is@^16.7.0":
  "integrity" "sha512-24e6ynE2H+OKt4kqsOvNd8kBpV65zoxbA4BVsEOB3ARVWQki/DHzaUoC5KuON/BiccDaCCTZBuOcfZs70kR8bQ=="
  "resolved" "https://registry.npmjs.org/react-is/-/react-is-16.13.1.tgz"
  "version" "16.13.1"

"react-is@^18.0.0":
  "integrity" "sha512-xWGDIW6x921xtzPkhiULtthJHoJvBbF3q26fzloPCK0hsvxtPVelvftw3zjbHWSkR2km9Z+4uxbDDK/6Zw9B8w=="
  "resolved" "https://registry.npmjs.org/react-is/-/react-is-18.2.0.tgz"
  "version" "18.2.0"

"react-redux@^7.2.1 || ^8.0.2", "react-redux@^8.0.5":
  "integrity" "sha512-Q2f6fCKxPFpkXt1qNRZdEDLlScsDWyrgSj0mliK59qU6W5gvBiKkdMEG2lJzhd1rCctf0hb6EtePPLZ2e0m1uw=="
  "resolved" "https://registry.npmjs.org/react-redux/-/react-redux-8.0.5.tgz"
  "version" "8.0.5"
  dependencies:
    "@babel/runtime" "^7.12.1"
    "@types/hoist-non-react-statics" "^3.3.1"
    "@types/use-sync-external-store" "^0.0.3"
    "hoist-non-react-statics" "^3.3.2"
    "react-is" "^18.0.0"
    "use-sync-external-store" "^1.0.0"

"react@^16.8 || ^17.0 || ^18.0", "react@^16.8.0 || ^17 || ^18", "react@^16.8.0 || ^17.0.0 || ^18.0.0", "react@^16.9.0 || ^17.0.0 || ^18", "react@^18.2.0", "react@>= 16.8.0 || 17.x.x || ^18.0.0-0", "react@18.2.0":
  "integrity" "sha512-/3IjMdb2L9QbBdWiW5e3P2/npwMBaU9mHCSCUzNln0ZCYbcfTsGbTJrU/kGemdH2IWmB2ioZ+zkxtmq6g09fGQ=="
  "resolved" "https://registry.npmjs.org/react/-/react-18.2.0.tgz"
  "version" "18.2.0"
  dependencies:
    "loose-envify" "^1.1.0"

"readdirp@~3.6.0":
  "integrity" "sha512-hOS089on8RduqdbhvQ5Z37A0ESjsqz6qnRcffsMU3495FuTdqSm+7bhJ29JvIOsBDEEnan5DPu9t3To9VRlMzA=="
  "resolved" "https://registry.npmjs.org/readdirp/-/readdirp-3.6.0.tgz"
  "version" "3.6.0"
  dependencies:
    "picomatch" "^2.2.1"

"redux-thunk@^2.4.2":
  "integrity" "sha512-+P3TjtnP0k/FEjcBL5FZpoovtvrTNT/UXd4/sluaSyrURlSlhLSzEdfsTBW7WsKB6yPvgd7q/iZPICFjW4o57Q=="
  "resolved" "https://registry.npmjs.org/redux-thunk/-/redux-thunk-2.4.2.tgz"
  "version" "2.4.2"

"redux@^4", "redux@^4.2.0":
  "integrity" "sha512-oSBmcKKIuIR4ME29/AeNUnl5L+hvBq7OaJWzaptTQJAntaPvxIJqfnjbaEiCzzaIz+XmVILfqAM3Ob0aXLPfjA=="
  "resolved" "https://registry.npmjs.org/redux/-/redux-4.2.0.tgz"
  "version" "4.2.0"
  dependencies:
    "@babel/runtime" "^7.9.2"

"regenerator-runtime@^0.13.10":
  "integrity" "sha512-kY1AZVr2Ra+t+piVaJ4gxaFaReZVH40AKNo7UCX6W+dEwBo/2oZJzqfuN1qLq1oL45o56cPaTXELwrTh8Fpggg=="
  "resolved" "https://registry.npmjs.org/regenerator-runtime/-/regenerator-runtime-0.13.11.tgz"
  "version" "0.13.11"

"reselect@^4.1.7":
  "integrity" "sha512-Zu1xbUt3/OPwsXL46hvOOoQrap2azE7ZQbokq61BQfiXvhewsKDwhMeZjTX9sX0nvw1t/U5Audyn1I9P/m9z0A=="
  "resolved" "https://registry.npmjs.org/reselect/-/reselect-4.1.7.tgz"
  "version" "4.1.7"

"sass@^1.3.0", "sass@^1.56.1":
  "integrity" "sha512-VpEyKpyBPCxE7qGDtOcdJ6fFbcpOM+Emu7uZLxVrkX8KVU/Dp5UF7WLvzqRuUhB6mqqQt1xffLoG+AndxTZrCQ=="
  "resolved" "https://registry.npmjs.org/sass/-/sass-1.56.1.tgz"
  "version" "1.56.1"
  dependencies:
    "chokidar" ">=3.0.0 <4.0.0"
    "immutable" "^4.0.0"
    "source-map-js" ">=0.6.2 <2.0.0"

"scheduler@^0.23.0":
  "integrity" "sha512-CtuThmgHNg7zIZWAXi3AsyIzA3n4xx7aNyjwC2VJldO2LMVDhFK+63xGqq6CsJH4rTAt6/M+N4GhZiDYPx9eUw=="
  "resolved" "https://registry.npmjs.org/scheduler/-/scheduler-0.23.0.tgz"
  "version" "0.23.0"
  dependencies:
    "loose-envify" "^1.1.0"

"shebang-command@^2.0.0":
  "integrity" "sha512-kHxr2zZpYtdmrN1qDjrrX/Z1rR1kG8Dx+gkpK1G4eXmvXswmcE1hTWBWYUzlraYw1/yZp6YuDY77YtvbN0dmDA=="
  "resolved" "https://registry.npmjs.org/shebang-command/-/shebang-command-2.0.0.tgz"
  "version" "2.0.0"
  dependencies:
    "shebang-regex" "^3.0.0"

"shebang-regex@^3.0.0":
  "integrity" "sha512-7++dFhtcx3353uBaq8DDR4NuxBetBzC7ZQOhmTQInHEd6bSrXdiEyzCvG07Z44UYdLShWUyXt5M/yhz8ekcb1A=="
  "resolved" "https://registry.npmjs.org/shebang-regex/-/shebang-regex-3.0.0.tgz"
  "version" "3.0.0"

"signal-exit@^3.0.2":
  "integrity" "sha512-wnD2ZE+l+SPC/uoS0vXeE9L1+0wuaMqKlfz9AMUo38JsyLSBWSFcHR1Rri62LZc12vLr1gb3jl7iwQhgwpAbGQ=="
  "resolved" "https://registry.npmjs.org/signal-exit/-/signal-exit-3.0.7.tgz"
  "version" "3.0.7"

"source-map-js@^1.0.2", "source-map-js@>=0.6.2 <2.0.0":
  "integrity" "sha512-R0XvVJ9WusLiqTCEiGCmICCMplcCkIwwR11mOSD9CR5u+IXYdiseeEuXCVAjS54zqwkLcPNnmU4OeJ6tUrWhDw=="
  "resolved" "https://registry.npmjs.org/source-map-js/-/source-map-js-1.0.2.tgz"
  "version" "1.0.2"

"strip-final-newline@^2.0.0":
  "integrity" "sha512-BrpvfNAE3dcvq7ll3xVumzjKjZQ5tI1sEUIKr3Uoks0XUl45St3FlatVqef9prk4jRDzhW6WZg+3bk93y6pLjA=="
  "resolved" "https://registry.npmjs.org/strip-final-newline/-/strip-final-newline-2.0.0.tgz"
  "version" "2.0.0"

"styled-jsx@5.1.0":
  "integrity" "sha512-/iHaRJt9U7T+5tp6TRelLnqBqiaIT0HsO0+vgyj8hK2KUk7aejFqRrumqPUlAqDwAj8IbS/1hk3IhBAAK/FCUQ=="
  "resolved" "https://registry.npmjs.org/styled-jsx/-/styled-jsx-5.1.0.tgz"
  "version" "5.1.0"
  dependencies:
    "client-only" "0.0.1"

"supports-color@^7.1.0":
  "integrity" "sha512-qpCAvRl9stuOHveKsn7HncJRvv501qIacKzQlO/+Lwxc9+0q2wLyv4Dfvt80/DPn2pqOBsJdDiogXGR9+OvwRw=="
  "resolved" "https://registry.npmjs.org/supports-color/-/supports-color-7.2.0.tgz"
  "version" "7.2.0"
  dependencies:
    "has-flag" "^4.0.0"

"to-regex-range@^5.0.1":
  "integrity" "sha512-65P7iz6X5yEr1cwcgvQxbbIw7Uk3gOy5dIdtZ4rDveLqhrdJP+Li/Hx6tyK0NEb+2GCyneCMJiGqrADCSNk8sQ=="
  "resolved" "https://registry.npmjs.org/to-regex-range/-/to-regex-range-5.0.1.tgz"
  "version" "5.0.1"
  dependencies:
    "is-number" "^7.0.0"

"tslib@^2.4.0":
  "integrity" "sha512-tGyy4dAjRIEwI7BzsB0lynWgOpfqjUdq91XXAlIWD2OwKBH7oCl/GZG/HT4BOHrTlPMOASlMQ7veyTqpmRcrNA=="
  "resolved" "https://registry.npmjs.org/tslib/-/tslib-2.4.1.tgz"
  "version" "2.4.1"

"typescript@4.9.3":
  "integrity" "sha512-CIfGzTelbKNEnLpLdGFgdyKhG23CKdKgQPOBc+OUNrkJ2vr+KSzsSV5kq5iWhEQbok+quxgGzrAtGWCyU7tHnA=="
  "resolved" "https://registry.npmjs.org/typescript/-/typescript-4.9.3.tgz"
  "version" "4.9.3"

"use-sync-external-store@^1.0.0":
  "integrity" "sha512-eEgnFxGQ1Ife9bzYs6VLi8/4X6CObHMw9Qr9tPY43iKwsPw8xE8+EFsf/2cFZ5S3esXgpWgtSCtLNS41F+sKPA=="
  "resolved" "https://registry.npmjs.org/use-sync-external-store/-/use-sync-external-store-1.2.0.tgz"
  "version" "1.2.0"

"which@^2.0.1":
  "integrity" "sha512-BLI3Tl1TW3Pvl70l3yq3Y64i+awpwXqsGBYWkkqMtnbXgrMD+yj7rhW0kuEDxzJaYXGjEW5ogapKNMEKNMjibA=="
  "resolved" "https://registry.npmjs.org/which/-/which-2.0.2.tgz"
  "version" "2.0.2"
  dependencies:
    "isexe" "^2.0.0"

"wrappy@1":
  "integrity" "sha512-l4Sp/DRseor9wL6EvV2+TuQn63dMkPjZ/sp9XkghTEbV9KlPS1xUsZ3u7/IQO4wxtcFB4bgpQPRcR3QCvezPcQ=="
  "resolved" "https://registry.npmjs.org/wrappy/-/wrappy-1.0.2.tgz"
  "version" "1.0.2"
